
Microsoft Visual Studio Solution File, Format Version 12.00
# Visual Studio Version 16
VisualStudioVersion = 16.0.31624.102
MinimumVisualStudioVersion = 10.0.40219.1
Project("{9A19103F-16F7-4668-BE54-9A1E7A4F7556}") = "Racebaan", "Racebaan\Racebaan.csproj", "{454FD2D4-9797-4B0A-998C-F7D86DCB801E}"
EndProject
Project("{9A19103F-16F7-4668-BE54-9A1E7A4F7556}") = "Controller", "Controller\Controller.csproj", "{C7ABA531-3BAC-495C-9691-136AD2086419}"
EndProject
Project("{9A19103F-16F7-4668-BE54-9A1E7A4F7556}") = "Model", "Model\Model.csproj", "{C9094987-56E2-4E74-BC3A-1E2B0E4A38B4}"
EndProject
Project("{FAE04EC0-301F-11D3-BF4B-00C04F79EFBC}") = "ControllerTest", "ControllerTest\ControllerTest.csproj", "{2D0EE13C-07B2-42AB-A1AF-E01942E29E85}"
EndProject
Global
	GlobalSection(SolutionConfigurationPlatforms) = preSolution
		Debug|Any CPU = Debug|Any CPU
		Release|Any CPU = Release|Any CPU
	EndGlobalSection
	GlobalSection(ProjectConfigurationPlatforms) = postSolution
		{454FD2D4-9797-4B0A-998C-F7D86DCB801E}.Debug|Any CPU.ActiveCfg = Debug|Any CPU
		{454FD2D4-9797-4B0A-998C-F7D86DCB801E}.Debug|Any CPU.Build.0 = Debug|Any CPU
		{454FD2D4-9797-4B0A-998C-F7D86DCB801E}.Release|Any CPU.ActiveCfg = Release|Any CPU
		{454FD2D4-9797-4B0A-998C-F7D86DCB801E}.Release|Any CPU.Build.0 = Release|Any CPU
		{C7ABA531-3BAC-495C-9691-136AD2086419}.Debug|Any CPU.ActiveCfg = Debug|Any CPU
		{C7ABA531-3BAC-495C-9691-136AD2086419}.Debug|Any CPU.Build.0 = Debug|Any CPU
		{C7ABA531-3BAC-495C-9691-136AD2086419}.Release|Any CPU.ActiveCfg = Release|Any CPU
		{C7ABA531-3BAC-495C-9691-136AD2086419}.Release|Any CPU.Build.0 = Release|Any CPU
		{C9094987-56E2-4E74-BC3A-1E2B0E4A38B4}.Debug|Any CPU.ActiveCfg = Debug|Any CPU
		{C9094987-56E2-4E74-BC3A-1E2B0E4A38B4}.Debug|Any CPU.Build.0 = Debug|Any CPU
		{C9094987-56E2-4E74-BC3A-1E2B0E4A38B4}.Release|Any CPU.ActiveCfg = Release|Any CPU
		{C9094987-56E2-4E74-BC3A-1E2B0E4A38B4}.Release|Any CPU.Build.0 = Release|Any CPU
		{2D0EE13C-07B2-42AB-A1AF-E01942E29E85}.Debug|Any CPU.ActiveCfg = Debug|Any CPU
		{2D0EE13C-07B2-42AB-A1AF-E01942E29E85}.Debug|Any CPU.Build.0 = Debug|Any CPU
		{2D0EE13C-07B2-42AB-A1AF-E01942E29E85}.Release|Any CPU.ActiveCfg = Release|Any CPU
		{2D0EE13C-07B2-42AB-A1AF-E01942E29E85}.Release|Any CPU.Build.0 = Release|Any CPU
	EndGlobalSection
	GlobalSection(SolutionProperties) = preSolution
		HideSolutionNode = FALSE
	EndGlobalSection
	GlobalSection(ExtensibilityGlobals) = postSolution
		SolutionGuid = {D3131D3E-709F-4162-8DF4-D2134043D17F}
	EndGlobalSection
EndGlobal
